// !$*UTF8*$!
{
	archiveVersion = 1;
	classes = {
	};
	objectVersion = 77;
	objects = {

/* Begin PBXContainerItemProxy section */
		F55C39332FF53D2200518C89 /* PBXContainerItemProxy */ = {
			isa = PBXContainerItemProxy;
			containerPortal = F55C391D2FF53D2000518C89 /* Project object */;
			proxyType = 1;
			remoteGlobalIDString = F55C39242FF53D2100518C89;
			remoteInfo = Eterna_aftelle;
		};
		F55C393D2FF53D2200518C89 /* PBXContainerItemProxy */ = {
			isa = PBXContainerItemProxy;
			containerPortal = F55C391D2FF53D2000518C89 /* Project object */;
			proxyType = 1;
			remoteGlobalIDString = F55C39242FF53D2100518C89;
			remoteInfo = Eterna_aftelle;
		};
/* End PBXContainerItemProxy section */

/* Begin PBXFileReference section */
		F55C39252FF53D2100518C89 /* Eterna_aftelle.app */ = {isa = PBXFileReference; explicitFileType = wrapper.application; includeInIndex = 0; path = Eterna_aftelle.app; sourceTree = BUILT_PRODUCTS_DIR; };
		F55C39322FF53D2200518C89 /* Eterna_aftelleTests.xctest */ = {isa = PBXFileReference; explicitFileType = wrapper.cfbundle; includeInIndex = 0; path = Eterna_aftelleTests.xctest; sourceTree = BUILT_PRODUCTS_DIR; };
		F55C393C2FF53D2200518C89 /* Eterna_aftelleUITests.xctest */ = {isa = PBXFileReference; explicitFileType = wrapper.cfbundle; includeInIndex = 0; path = Eterna_aftelleUITests.xctest; sourceTree = BUILT_PRODUCTS_DIR; };
/* End PBXFileReference section */

/* Begin PBXFileSystemSynchronizedRootGroup section */
		F55C39272FF53D2100518C89 /* Eterna_aftelle */ = {
			isa = PBXFileSystemSynchronizedRootGroup;
			path = Eterna_aftelle;
			sourceTree = "<group>";
		};
		F55C39352FF53D2200518C89 /* Eterna_aftelleTests */ = {
			isa = PBXFileSystemSynchronizedRootGroup;
			path = Eterna_aftelleTests;
			sourceTree = "<group>";
		};
		F55C393F2FF53D2200518C89 /* Eterna_aftelleUITests */ = {
			isa = PBXFileSystemSynchronizedRootGroup;
			path = Eterna_aftelleUITests;
			sourceTree = "<group>";
		};
/* End PBXFileSystemSynchronizedRootGroup section */

/* Begin PBXFrameworksBuildPhase section */
		F55C39222FF53D2100518C89 /* Frameworks */ = {
			isa = PBXFrameworksBuildPhase;
			buildActionMask = 2147483647;
			files = (
			);
			runOnlyForDeploymentPostprocessing = 0;
		};
		F55C392F2FF53D2200518C89 /* Frameworks */ = {
			isa = PBXFrameworksBuildPhase;
			buildActionMask = 2147483647;
			files = (
			);
			runOnlyForDeploymentPostprocessing = 0;
		};
		F55C39392FF53D2200518C89 /* Frameworks */ = {
			isa = PBXFrameworksBuildPhase;
			buildActionMask = 2147483647;
			files = (
			);
			runOnlyForDeploymentPostprocessing = 0;
		};
/* End PBXFrameworksBuildPhase section */

/* Begin PBXGroup section */
		F55C391C2FF53D2000518C89 = {
			isa = PBXGroup;
			children = (
				F55C39272FF53D2100518C89 /* Eterna_aftelle */,
				F55C39352FF53D2200518C89 /* Eterna_aftelleTests */,
				F55C393F2FF53D2200518C89 /* Eterna_aftelleUITests */,
				F55C39262FF53D2100518C89 /* Products */,
			);
			sourceTree = "<group>";
		};
		F55C39262FF53D2100518C89 /* Products */ = {
			isa = PBXGroup;
			children = (
				F55C39252FF53D2100518C89 /* Eterna_aftelle.app */,
				F55C39322FF53D2200518C89 /* Eterna_aftelleTests.xctest */,
				F55C393C2FF53D2200518C89 /* Eterna_aftelleUITests.xctest */,
			);
			name = Products;
			sourceTree = "<group>";
		};
/* End PBXGroup section */

/* Begin PBXNativeTarget section */
		F55C39242FF53D2100518C89 /* Eterna_aftelle */ = {
			isa = PBXNativeTarget;
			buildConfigurationList = F55C39462FF53D2200518C89 /* Build configuration list for PBXNativeTarget "Eterna_aftelle" */;
			buildPhases = (
				F55C39212FF53D2100518C89 /* Sources */,
				F55C39222FF53D2100518C89 /* Frameworks */,
				F55C39232FF53D2100518C89 /* Resources */,
			);
			buildRules = (
			);
			dependencies = (
			);
			fileSystemSynchronizedGroups = (
				F55C39272FF53D2100518C89 /* Eterna_aftelle */,
			);
			name = Eterna_aftelle;
			packageProductDependencies = (
			);
			productName = Eterna_aftelle;
			productReference = F55C39252FF53D2100518C89 /* Eterna_aftelle.app */;
			productType = "com.apple.product-type.application";
		};
		F55C39312FF53D2200518C89 /* Eterna_aftelleTests */ = {
			isa = PBXNativeTarget;
			buildConfigurationList = F55C39492FF53D2200518C89 /* Build configuration list for PBXNativeTarget "Eterna_aftelleTests" */;
			buildPhases = (
				F55C392E2FF53D2200518C89 /* Sources */,
				F55C392F2FF53D2200518C89 /* Frameworks */,
				F55C39302FF53D2200518C89 /* Resources */,
			);
			buildRules = (
			);
			dependencies = (
				F55C39342FF53D2200518C89 /* PBXTargetDependency */,
			);
			fileSystemSynchronizedGroups = (
				F55C39352FF53D2200518C89 /* Eterna_aftelleTests */,
			);
			name = Eterna_aftelleTests;
			packageProductDependencies = (
			);
			productName = Eterna_aftelleTests;
			productReference = F55C39322FF53D2200518C89 /* Eterna_aftelleTests.xctest */;
			productType = "com.apple.product-type.bundle.unit-test";
		};
		F55C393B2FF53D2200518C89 /* Eterna_aftelleUITests */ = {
			isa = PBXNativeTarget;
			buildConfigurationList = F55C394C2FF53D2200518C89 /* Build configuration list for PBXNativeTarget "Eterna_aftelleUITests" */;
			buildPhases = (
				F55C39382FF53D2200518C89 /* Sources */,
				F55C39392FF53D2200518C89 /* Frameworks */,
				F55C393A2FF53D2200518C89 /* Resources */,
			);
			buildRules = (
			);
			dependencies = (
				F55C393E2FF53D2200518C89 /* PBXTargetDependency */,
			);
			fileSystemSynchronizedGroups = (
				F55C393F2FF53D2200518C89 /* Eterna_aftelleUITests */,
			);
			name = Eterna_aftelleUITests;
			packageProductDependencies = (
			);
			productName = Eterna_aftelleUITests;
			productReference = F55C393C2FF53D2200518C89 /* Eterna_aftelleUITests.xctest */;
			productType = "com.apple.product-type.bundle.ui-testing";
		};
/* End PBXNativeTarget section */

/* Begin PBXProject section */
		F55C391D2FF53D2000518C89 /* Project object */ = {
			isa = PBXProject;
			attributes = {
				BuildIndependentTargetsInParallel = 1;
				LastSwiftUpdateCheck = 2660;
				LastUpgradeCheck = 2660;
				TargetAttributes = {
					F55C39242FF53D2100518C89 = {
						CreatedOnToolsVersion = 26.6;
					};
					F55C39312FF53D2200518C89 = {
						CreatedOnToolsVersion = 26.6;
						TestTargetID = F55C39242FF53D2100518C89;
					};
					F55C393B2FF53D2200518C89 = {
						CreatedOnToolsVersion = 26.6;
						TestTargetID = F55C39242FF53D2100518C89;
					};
				};
			};
			buildConfigurationList = F55C39202FF53D2000518C89 /* Build configuration list for PBXProject "Eterna_aftelle" */;
			developmentRegion = en;
			hasScannedForEncodings = 0;
			knownRegions = (
				en,
				Base,
			);
			mainGroup = F55C391C2FF53D2000518C89;
			minimizedProjectReferenceProxies = 1;
			preferredProjectObjectVersion = 77;
			productRefGroup = F55C39262FF53D2100518C89 /* Products */;
			projectDirPath = "";
			projectRoot = "";
			targets = (
				F55C39242FF53D2100518C89 /* Eterna_aftelle */,
				F55C39312FF53D2200518C89 /* Eterna_aftelleTests */,
				F55C393B2FF53D2200518C89 /* Eterna_aftelleUITests */,
			);
		};
/* End PBXProject section */

/* Begin PBXResourcesBuildPhase section */
		F55C39232FF53D2100518C89 /* Resources */ = {
			isa = PBXResourcesBuildPhase;
			buildActionMask = 2147483647;
			files = (
			);
			runOnlyForDeploymentPostprocessing = 0;
		};
		F55C39302FF53D2200518C89 /* Resources */ = {
			isa = PBXResourcesBuildPhase;
			buildActionMask = 2147483647;
			files = (
			);
			runOnlyForDeploymentPostprocessing = 0;
		};
		F55C393A2FF53D2200518C89 /* Resources */ = {
			isa = PBXResourcesBuildPhase;
			buildActionMask = 2147483647;
			files = (
			);
			runOnlyForDeploymentPostprocessing = 0;
		};
/* End PBXResourcesBuildPhase section */

/* Begin PBXSourcesBuildPhase section */
		F55C39212FF53D2100518C89 /* Sources */ = {
			isa = PBXSourcesBuildPhase;
			buildActionMask = 2147483647;
			files = (
			);
			runOnlyForDeploymentPostprocessing = 0;
		};
		F55C392E2FF53D2200518C89 /* Sources */ = {
			isa = PBXSourcesBuildPhase;
			buildActionMask = 2147483647;
			files = (
			);
			runOnlyForDeploymentPostprocessing = 0;
		};
		F55C39382FF53D2200518C89 /* Sources */ = {
			isa = PBXSourcesBuildPhase;
			buildActionMask = 2147483647;
			files = (
			);
			runOnlyForDeploymentPostprocessing = 0;
		};
/* End PBXSourcesBuildPhase section */

/* Begin PBXTargetDependency section */
		F55C39342FF53D2200518C89 /* PBXTargetDependency */ = {
			isa = PBXTargetDependency;
			target = F55C39242FF53D2100518C89 /* Eterna_aftelle */;
			targetProxy = F55C39332FF53D2200518C89 /* PBXContainerItemProxy */;
		};
		F55C393E2FF53D2200518C89 /* PBXTargetDependency */ = {
			isa = PBXTargetDependency;
			target = F55C39242FF53D2100518C89 /* Eterna_aftelle */;
			targetProxy = F55C393D2FF53D2200518C89 /* PBXContainerItemProxy */;
		};
/* End PBXTargetDependency section */

/* Begin XCBuildConfiguration section */
		F55C39442FF53D2200518C89 /* Debug */ = {
			isa = XCBuildConfiguration;
			buildSettings = {
				ALWAYS_SEARCH_USER_PATHS = NO;
				ASSETCATALOG_COMPILER_GENERATE_SWIFT_ASSET_SYMBOL_EXTENSIONS = YES;
				CLANG_ANALYZER_NONNULL = YES;
				CLANG_ANALYZER_NUMBER_OBJECT_CONVERSION = YES_AGGRESSIVE;
				CLANG_CXX_LANGUAGE_STANDARD = "gnu++20";
				CLANG_ENABLE_MODULES = YES;
				CLANG_ENABLE_OBJC_ARC = YES;
				CLANG_ENABLE_OBJC_WEAK = YES;
				CLANG_WARN_BLOCK_CAPTURE_AUTORELEASING = YES;
				CLANG_WARN_BOOL_CONVERSION = YES;
				CLANG_WARN_COMMA = YES;
				CLANG_WARN_CONSTANT_CONVERSION = YES;
				CLANG_WARN_DEPRECATED_OBJC_IMPLEMENTATIONS = YES;
				CLANG_WARN_DIRECT_OBJC_ISA_USAGE = YES_ERROR;
				CLANG_WARN_DOCUMENTATION_COMMENTS = YES;
				CLANG_WARN_EMPTY_BODY = YES;
				CLANG_WARN_ENUM_CONVERSION = YES;
				CLANG_WARN_INFINITE_RECURSION = YES;
				CLANG_WARN_INT_CONVERSION = YES;
				CLANG_WARN_NON_LITERAL_NULL_CONVERSION = YES;
				CLANG_WARN_OBJC_IMPLICIT_RETAIN_SELF = YES;
				CLANG_WARN_OBJC_LITERAL_CONVERSION = YES;
				CLANG_WARN_OBJC_ROOT_CLASS = YES_ERROR;
				CLANG_WARN_QUOTED_INCLUDE_IN_FRAMEWORK_HEADER = YES;
				CLANG_WARN_RANGE_LOOP_ANALYSIS = YES;
				CLANG_WARN_STRICT_PROTOTYPES = YES;
				CLANG_WARN_SUSPICIOUS_MOVE = YES;
				CLANG_WARN_UNGUARDED_AVAILABILITY = YES_AGGRESSIVE;
				CLANG_WARN_UNREACHABLE_CODE = YES;
				CLANG_WARN__DUPLICATE_METHOD_MATCH = YES;
				COPY_PHASE_STRIP = NO;
				DEBUG_INFORMATION_FORMAT = dwarf;
				ENABLE_STRICT_OBJC_MSGSEND = YES;
				ENABLE_TESTABILITY = YES;
				ENABLE_USER_SCRIPT_SANDBOXING = YES;
				GCC_C_LANGUAGE_STANDARD = gnu17;
				GCC_DYNAMIC_NO_PIC = NO;
				GCC_NO_COMMON_BLOCKS = YES;
				GCC_OPTIMIZATION_LEVEL = 0;
				GCC_PREPROCESSOR_DEFINITIONS = (
					"DEBUG=1",
					"$(inherited)",
				);
				GCC_WARN_64_TO_32_BIT_CONVERSION = YES;
				GCC_WARN_ABOUT_RETURN_TYPE = YES_ERROR;
				GCC_WARN_UNDECLARED_SELECTOR = YES;
				GCC_WARN_UNINITIALIZED_AUTOS = YES_AGGRESSIVE;
				GCC_WARN_UNUSED_FUNCTION = YES;
				GCC_WARN_UNUSED_VARIABLE = YES;
				LOCALIZATION_PREFERS_STRING_CATALOGS = YES;
				MACOSX_DEPLOYMENT_TARGET = 26.5;
				MTL_ENABLE_DEBUG_INFO = INCLUDE_SOURCE;
				MTL_FAST_MATH = YES;
				ONLY_ACTIVE_ARCH = YES;
				SDKROOT = macosx;
				SWIFT_ACTIVE_COMPILATION_CONDITIONS = "DEBUG $(inherited)";
				SWIFT_OPTIMIZATION_LEVEL = "-Onone";
			};
			name = Debug;
		};
		F55C39452FF53D2200518C89 /* Release */ = {
			isa = XCBuildConfiguration;
			buildSettings = {
				ALWAYS_SEARCH_USER_PATHS = NO;
				ASSETCATALOG_COMPILER_GENERATE_SWIFT_ASSET_SYMBOL_EXTENSIONS = YES;
				CLANG_ANALYZER_NONNULL = YES;
				CLANG_ANALYZER_NUMBER_OBJECT_CONVERSION = YES_AGGRESSIVE;
				CLANG_CXX_LANGUAGE_STANDARD = "gnu++20";
				CLANG_ENABLE_MODULES = YES;
				CLANG_ENABLE_OBJC_ARC = YES;
				CLANG_ENABLE_OBJC_WEAK = YES;
				CLANG_WARN_BLOCK_CAPTURE_AUTORELEASING = YES;
				CLANG_WARN_BOOL_CONVERSION = YES;
				CLANG_WARN_COMMA = YES;
				CLANG_WARN_CONSTANT_CONVERSION = YES;
				CLANG_WARN_DEPRECATED_OBJC_IMPLEMENTATIONS = YES;
				CLANG_WARN_DIRECT_OBJC_ISA_USAGE = YES_ERROR;
				CLANG_WARN_DOCUMENTATION_COMMENTS = YES;
				CLANG_WARN_EMPTY_BODY = YES;
				CLANG_WARN_ENUM_CONVERSION = YES;
				CLANG_WARN_INFINITE_RECURSION = YES;
				CLANG_WARN_INT_CONVERSION = YES;
				CLANG_WARN_NON_LITERAL_NULL_CONVERSION = YES;
				CLANG_WARN_OBJC_IMPLICIT_RETAIN_SELF = YES;
				CLANG_WARN_OBJC_LITERAL_CONVERSION = YES;
				CLANG_WARN_OBJC_ROOT_CLASS = YES_ERROR;
				CLANG_WARN_QUOTED_INCLUDE_IN_FRAMEWORK_HEADER = YES;
				CLANG_WARN_RANGE_LOOP_ANALYSIS = YES;
				CLANG_WARN_STRICT_PROTOTYPES = YES;
				CLANG_WARN_SUSPICIOUS_MOVE = YES;
				CLANG_WARN_UNGUARDED_AVAILABILITY = YES_AGGRESSIVE;
				CLANG_WARN_UNREACHABLE_CODE = YES;
				CLANG_WARN__DUPLICATE_METHOD_MATCH = YES;
				COPY_PHASE_STRIP = NO;
				DEBUG_INFORMATION_FORMAT = "dwarf-with-dsym";
				ENABLE_NS_ASSERTIONS = NO;
				ENABLE_STRICT_OBJC_MSGSEND = YES;
				ENABLE_USER_SCRIPT_SANDBOXING = YES;
				GCC_C_LANGUAGE_STANDARD = gnu17;
				GCC_NO_COMMON_BLOCKS = YES;
				GCC_WARN_64_TO_32_BIT_CONVERSION = YES;
				GCC_WARN_ABOUT_RETURN_TYPE = YES_ERROR;
				GCC_WARN_UNDECLARED_SELECTOR = YES;
				GCC_WARN_UNINITIALIZED_AUTOS = YES_AGGRESSIVE;
				GCC_WARN_UNUSED_FUNCTION = YES;
				GCC_WARN_UNUSED_VARIABLE = YES;
				LOCALIZATION_PREFERS_STRING_CATALOGS = YES;
				MACOSX_DEPLOYMENT_TARGET = 26.5;
				MTL_ENABLE_DEBUG_INFO = NO;
				MTL_FAST_MATH = YES;
				SDKROOT = macosx;
				SWIFT_COMPILATION_MODE = wholemodule;
			};
			name = Release;
		};
		F55C39472FF53D2200518C89 /* Debug */ = {
			isa = XCBuildConfiguration;
			buildSettings = {
				ASSETCATALOG_COMPILER_APPICON_NAME = AppIcon;
				ASSETCATALOG_COMPILER_GLOBAL_ACCENT_COLOR_NAME = AccentColor;
				CODE_SIGN_STYLE = Automatic;
				COMBINE_HIDPI_IMAGES = YES;
				CURRENT_PROJECT_VERSION = 1;
				ENABLE_APP_SANDBOX = YES;
				ENABLE_PREVIEWS = YES;
				ENABLE_USER_SELECTED_FILES = readonly;
				GENERATE_INFOPLIST_FILE = YES;
				INFOPLIST_KEY_NSHumanReadableCopyright = "";
				LD_RUNPATH_SEARCH_PATHS = (
					"$(inherited)",
					"@executable_path/../Frameworks",
				);
				MARKETING_VERSION = 1.0;
				PRODUCT_BUNDLE_IDENTIFIER = "com.eterna.aftelle.Eterna-aftelle";
				PRODUCT_NAME = "$(TARGET_NAME)";
				REGISTER_APP_GROUPS = YES;
				STRING_CATALOG_GENERATE_SYMBOLS = YES;
				SWIFT_APPROACHABLE_CONCURRENCY = YES;
				SWIFT_DEFAULT_ACTOR_ISOLATION = MainActor;
				SWIFT_EMIT_LOC_STRINGS = YES;
				SWIFT_UPCOMING_FEATURE_MEMBER_IMPORT_VISIBILITY = YES;
				SWIFT_VERSION = 5.0;
			};
			name = Debug;
		};
		F55C39482FF53D2200518C89 /* Release */ = {
			isa = XCBuildConfiguration;
			buildSettings = {
				ASSETCATALOG_COMPILER_APPICON_NAME = AppIcon;
				ASSETCATALOG_COMPILER_GLOBAL_ACCENT_COLOR_NAME = AccentColor;
				CODE_SIGN_STYLE = Automatic;
				COMBINE_HIDPI_IMAGES = YES;
				CURRENT_PROJECT_VERSION = 1;
				ENABLE_APP_SANDBOX = YES;
				ENABLE_PREVIEWS = YES;
				ENABLE_USER_SELECTED_FILES = readonly;
				GENERATE_INFOPLIST_FILE = YES;
				INFOPLIST_KEY_NSHumanReadableCopyright = "";
				LD_RUNPATH_SEARCH_PATHS = (
					"$(inherited)",
					"@executable_path/../Frameworks",
				);
				MARKETING_VERSION = 1.0;
				PRODUCT_BUNDLE_IDENTIFIER = "com.eterna.aftelle.Eterna-aftelle";
				PRODUCT_NAME = "$(TARGET_NAME)";
				REGISTER_APP_GROUPS = YES;
				STRING_CATALOG_GENERATE_SYMBOLS = YES;
				SWIFT_APPROACHABLE_CONCURRENCY = YES;
				SWIFT_DEFAULT_ACTOR_ISOLATION = MainActor;
				SWIFT_EMIT_LOC_STRINGS = YES;
				SWIFT_UPCOMING_FEATURE_MEMBER_IMPORT_VISIBILITY = YES;
				SWIFT_VERSION = 5.0;
			};
			name = Release;
		};
		F55C394A2FF53D2200518C89 /* Debug */ = {
			isa = XCBuildConfiguration;
			buildSettings = {
				BUNDLE_LOADER = "$(TEST_HOST)";
				CODE_SIGN_STYLE = Automatic;
				CURRENT_PROJECT_VERSION = 1;
				GENERATE_INFOPLIST_FILE = YES;
				MACOSX_DEPLOYMENT_TARGET = 26.5;
				MARKETING_VERSION = 1.0;
				PRODUCT_BUNDLE_IDENTIFIER = "com.eterna.aftelle.Eterna-aftelleTests";
				PRODUCT_NAME = "$(TARGET_NAME)";
				STRING_CATALOG_GENERATE_SYMBOLS = NO;
				SWIFT_APPROACHABLE_CONCURRENCY = YES;
				SWIFT_EMIT_LOC_STRINGS = NO;
				SWIFT_UPCOMING_FEATURE_MEMBER_IMPORT_VISIBILITY = YES;
				SWIFT_VERSION = 5.0;
				TEST_HOST = "$(BUILT_PRODUCTS_DIR)/Eterna_aftelle.app/$(BUNDLE_EXECUTABLE_FOLDER_PATH)/Eterna_aftelle";
			};
			name = Debug;
		};
		F55C394B2FF53D2200518C89 /* Release */ = {
			isa = XCBuildConfiguration;
			buildSettings = {
				BUNDLE_LOADER = "$(TEST_HOST)";
				CODE_SIGN_STYLE = Automatic;
				CURRENT_PROJECT_VERSION = 1;
				GENERATE_INFOPLIST_FILE = YES;
				MACOSX_DEPLOYMENT_TARGET = 26.5;
				MARKETING_VERSION = 1.0;
				PRODUCT_BUNDLE_IDENTIFIER = "com.eterna.aftelle.Eterna-aftelleTests";
				PRODUCT_NAME = "$(TARGET_NAME)";
				STRING_CATALOG_GENERATE_SYMBOLS = NO;
				SWIFT_APPROACHABLE_CONCURRENCY = YES;
				SWIFT_EMIT_LOC_STRINGS = NO;
				SWIFT_UPCOMING_FEATURE_MEMBER_IMPORT_VISIBILITY = YES;
				SWIFT_VERSION = 5.0;
				TEST_HOST = "$(BUILT_PRODUCTS_DIR)/Eterna_aftelle.app/$(BUNDLE_EXECUTABLE_FOLDER_PATH)/Eterna_aftelle";
			};
			name = Release;
		};
		F55C394D2FF53D2200518C89 /* Debug */ = {
			isa = XCBuildConfiguration;
			buildSettings = {
				CODE_SIGN_STYLE = Automatic;
				CURRENT_PROJECT_VERSION = 1;
				GENERATE_INFOPLIST_FILE = YES;
				MARKETING_VERSION = 1.0;
				PRODUCT_BUNDLE_IDENTIFIER = "com.eterna.aftelle.Eterna-aftelleUITests";
				PRODUCT_NAME = "$(TARGET_NAME)";
				STRING_CATALOG_GENERATE_SYMBOLS = NO;
				SWIFT_APPROACHABLE_CONCURRENCY = YES;
				SWIFT_EMIT_LOC_STRINGS = NO;
				SWIFT_UPCOMING_FEATURE_MEMBER_IMPORT_VISIBILITY = YES;
				SWIFT_VERSION = 5.0;
				TEST_TARGET_NAME = Eterna_aftelle;
			};
			name = Debug;
		};
		F55C394E2FF53D2200518C89 /* Release */ = {
			isa = XCBuildConfiguration;
			buildSettings = {
				CODE_SIGN_STYLE = Automatic;
				CURRENT_PROJECT_VERSION = 1;
				GENERATE_INFOPLIST_FILE = YES;
				MARKETING_VERSION = 1.0;
				PRODUCT_BUNDLE_IDENTIFIER = "com.eterna.aftelle.Eterna-aftelleUITests";
				PRODUCT_NAME = "$(TARGET_NAME)";
				STRING_CATALOG_GENERATE_SYMBOLS = NO;
				SWIFT_APPROACHABLE_CONCURRENCY = YES;
				SWIFT_EMIT_LOC_STRINGS = NO;
				SWIFT_UPCOMING_FEATURE_MEMBER_IMPORT_VISIBILITY = YES;
				SWIFT_VERSION = 5.0;
				TEST_TARGET_NAME = Eterna_aftelle;
			};
			name = Release;
		};
/* End XCBuildConfiguration section */

/* Begin XCConfigurationList section */
		F55C39202FF53D2000518C89 /* Build configuration list for PBXProject "Eterna_aftelle" */ = {
			isa = XCConfigurationList;
			buildConfigurations = (
				F55C39442FF53D2200518C89 /* Debug */,
				F55C39452FF53D2200518C89 /* Release */,
			);
			defaultConfigurationIsVisible = 0;
			defaultConfigurationName = Release;
		};
		F55C39462FF53D2200518C89 /* Build configuration list for PBXNativeTarget "Eterna_aftelle" */ = {
			isa = XCConfigurationList;
			buildConfigurations = (
				F55C39472FF53D2200518C89 /* Debug */,
				F55C39482FF53D2200518C89 /* Release */,
			);
			defaultConfigurationIsVisible = 0;
			defaultConfigurationName = Release;
		};
		F55C39492FF53D2200518C89 /* Build configuration list for PBXNativeTarget "Eterna_aftelleTests" */ = {
			isa = XCConfigurationList;
			buildConfigurations = (
				F55C394A2FF53D2200518C89 /* Debug */,
				F55C394B2FF53D2200518C89 /* Release */,
			);
			defaultConfigurationIsVisible = 0;
			defaultConfigurationName = Release;
		};
		F55C394C2FF53D2200518C89 /* Build configuration list for PBXNativeTarget "Eterna_aftelleUITests" */ = {
			isa = XCConfigurationList;
			buildConfigurations = (
				F55C394D2FF53D2200518C89 /* Debug */,
				F55C394E2FF53D2200518C89 /* Release */,
			);
			defaultConfigurationIsVisible = 0;
			defaultConfigurationName = Release;
		};
/* End XCConfigurationList section */
	};
	rootObject = F55C391D2FF53D2000518C89 /* Project object */;
}
